
Microsoft Visual Studio Solution File, Format Version 12.00
# Visual Studio Version 17
VisualStudioVersion = 17.4.33110.190
MinimumVisualStudioVersion = 10.0.40219.1
Project("{FAE04EC0-301F-11D3-BF4B-00C04F79EFBC}") = "FinanceApp", "FinanceApp\FinanceApp.csproj", "{3627C448-3C81-497C-9F1D-00EBF1E1A8DD}"
EndProject
Global
	GlobalSection(SolutionConfigurationPlatforms) = preSolution
		Debug|Any CPU = Debug|Any CPU
		Release|Any CPU = Release|Any CPU
	EndGlobalSection
	GlobalSection(ProjectConfigurationPlatforms) = postSolution
		{3627C448-3C81-497C-9F1D-00EBF1E1A8DD}.Debug|Any CPU.ActiveCfg = Debug|Any CPU
		{3627C448-3C81-497C-9F1D-00EBF1E1A8DD}.Debug|Any CPU.Build.0 = Debug|Any CPU
		{3627C448-3C81-497C-9F1D-00EBF1E1A8DD}.Release|Any CPU.ActiveCfg = Release|Any CPU
		{3627C448-3C81-497C-9F1D-00EBF1E1A8DD}.Release|Any CPU.Build.0 = Release|Any CPU
	EndGlobalSection
	GlobalSection(SolutionProperties) = preSolution
		HideSolutionNode = FALSE
	EndGlobalSection
	GlobalSection(ExtensibilityGlobals) = postSolution
		SolutionGuid = {FB18BCE9-F32E-4E9A-878D-C01590C7DD5F}
	EndGlobalSection
EndGlobal
